Microsoft Visual Studio Solution File, Format Version 12.00
# Visual Studio Version 17
VisualStudioVersion = 17.5.2.0
MinimumVisualStudioVersion = 10.0.40219.1
Project("{FAE04EC0-301F-11D3-BF4B-00C04F79EFBC}") = "Greeting", "Greeting\Greeting.csproj", "{5F0A0C35-3695-8552-27D4-89A56BF2895F}"
EndProject
Global
	GlobalSection(SolutionConfigurationPlatforms) = preSolution
		Debug|Any CPU = Debug|Any CPU
		Release|Any CPU = Release|Any CPU
	EndGlobalSection
	GlobalSection(ProjectConfigurationPlatforms) = postSolution
		{5F0A0C35-3695-8552-27D4-89A56BF2895F}.Debug|Any CPU.ActiveCfg = Debug|Any CPU
		{5F0A0C35-3695-8552-27D4-89A56BF2895F}.Debug|Any CPU.Build.0 = Debug|Any CPU
		{5F0A0C35-3695-8552-27D4-89A56BF2895F}.Release|Any CPU.ActiveCfg = Release|Any CPU
		{5F0A0C35-3695-8552-27D4-89A56BF2895F}.Release|Any CPU.Build.0 = Release|Any CPU
	EndGlobalSection
	GlobalSection(SolutionProperties) = preSolution
		HideSolutionNode = FALSE
	EndGlobalSection
	GlobalSection(ExtensibilityGlobals) = postSolution
		SolutionGuid = {E95B768C-DF57-4808-8B2F-4A86F0F179DB}
	EndGlobalSection
EndGlobal
