Microsoft Visual Studio Solution File, Format Version 12.00
# Visual Studio Version 17
VisualStudioVersion = 17.5.2.0
MinimumVisualStudioVersion = 10.0.40219.1
Project("{2150E333-8FDC-42A3-9474-1A3956D46DE8}") = "MINI-PROJECTS", "MINI-PROJECTS", "{6354AC4C-AB0A-4AB4-DA7D-99F6DD873085}"
EndProject
Project("{2150E333-8FDC-42A3-9474-1A3956D46DE8}") = "C#-PROGRAMMING", "C#-PROGRAMMING", "{07B82E34-5CB0-7147-E4BE-E4927BBF0F8A}"
EndProject
Project("{FAE04EC0-301F-11D3-BF4B-00C04F79EFBC}") = "Message", "MINI-PROJECTS\C#-PROGRAMMING\Message\Message.csproj", "{238E66E1-9890-5397-36F6-2F90B0428E5E}"
EndProject
Project("{FAE04EC0-301F-11D3-BF4B-00C04F79EFBC}") = "Calculator", "MINI-PROJECTS\C#-PROGRAMMING\Calculator\Calculator.csproj", "{D3413016-CF04-192D-F8C2-AAF43642F45A}"
EndProject
Project("{FAE04EC0-301F-11D3-BF4B-00C04F79EFBC}") = "Greeting", "MINI-PROJECTS\C#-PROGRAMMING\Greeting\Greeting.csproj", "{5BC3942B-C286-2FED-D579-5EC82A4AFF9A}"
EndProject
Global
	GlobalSection(SolutionConfigurationPlatforms) = preSolution
		Debug|Any CPU = Debug|Any CPU
		Release|Any CPU = Release|Any CPU
	EndGlobalSection
	GlobalSection(ProjectConfigurationPlatforms) = postSolution
		{238E66E1-9890-5397-36F6-2F90B0428E5E}.Debug|Any CPU.ActiveCfg = Debug|Any CPU
		{238E66E1-9890-5397-36F6-2F90B0428E5E}.Debug|Any CPU.Build.0 = Debug|Any CPU
		{238E66E1-9890-5397-36F6-2F90B0428E5E}.Release|Any CPU.ActiveCfg = Release|Any CPU
		{238E66E1-9890-5397-36F6-2F90B0428E5E}.Release|Any CPU.Build.0 = Release|Any CPU
		{D3413016-CF04-192D-F8C2-AAF43642F45A}.Debug|Any CPU.ActiveCfg = Debug|Any CPU
		{D3413016-CF04-192D-F8C2-AAF43642F45A}.Debug|Any CPU.Build.0 = Debug|Any CPU
		{D3413016-CF04-192D-F8C2-AAF43642F45A}.Release|Any CPU.ActiveCfg = Release|Any CPU
		{D3413016-CF04-192D-F8C2-AAF43642F45A}.Release|Any CPU.Build.0 = Release|Any CPU
		{5BC3942B-C286-2FED-D579-5EC82A4AFF9A}.Debug|Any CPU.ActiveCfg = Debug|Any CPU
		{5BC3942B-C286-2FED-D579-5EC82A4AFF9A}.Debug|Any CPU.Build.0 = Debug|Any CPU
		{5BC3942B-C286-2FED-D579-5EC82A4AFF9A}.Release|Any CPU.ActiveCfg = Release|Any CPU
		{5BC3942B-C286-2FED-D579-5EC82A4AFF9A}.Release|Any CPU.Build.0 = Release|Any CPU
	EndGlobalSection
	GlobalSection(SolutionProperties) = preSolution
		HideSolutionNode = FALSE
	EndGlobalSection
	GlobalSection(NestedProjects) = preSolution
		{07B82E34-5CB0-7147-E4BE-E4927BBF0F8A} = {6354AC4C-AB0A-4AB4-DA7D-99F6DD873085}
		{238E66E1-9890-5397-36F6-2F90B0428E5E} = {07B82E34-5CB0-7147-E4BE-E4927BBF0F8A}
		{D3413016-CF04-192D-F8C2-AAF43642F45A} = {07B82E34-5CB0-7147-E4BE-E4927BBF0F8A}
		{5BC3942B-C286-2FED-D579-5EC82A4AFF9A} = {07B82E34-5CB0-7147-E4BE-E4927BBF0F8A}
	EndGlobalSection
	GlobalSection(ExtensibilityGlobals) = postSolution
		SolutionGuid = {1AF53B51-B06B-4CE4-99F3-495E77ADFE07}
	EndGlobalSection
EndGlobal
